NeoBundleLock auto-pairs f0019fc6423e7ce7bbd01d196a7e027077687fda
NeoBundleLock ctrlp.vim 564176f01d7f3f7f8ab452ff4e1f5314de7b0981
NeoBundleLock deoplete-go aef73fdf275053a6fb00c3f66d1f18821bc74bd3
NeoBundleLock deoplete-jedi 56528fd1238bbf2f9363f16710d0936703dc9eab
NeoBundleLock deoplete.nvim a61b4597f23a36898565994c79b958849472157f
NeoBundleLock emmet-vim 9c6d7836362ab10ce669bd343d4585e5a500e05c
NeoBundleLock indentLine a97b6d12ae06c2db524e2ceba976f1d4f4637cb7
NeoBundleLock neobundle.vim c6fa48cd665071b7a4dbf5ab53f48cd5884716ee
NeoBundleLock nerdcommenter 285902752f7ab2052ac700a6d29b263dd5788afb
NeoBundleLock nerdtree 8cd17c1a478d8302e4782a95963abe46fc22c538
NeoBundleLock rspec.vim 36c9dbc8b923fa2c3b37fbe148e65b097cbd8097
NeoBundleLock snipmate.vim 9d93a221daff424a0fd32e52eae3abf4003125cb
NeoBundleLock syntastic 5e1b26c1724448c9d870b08dc93ce71528489333
NeoBundleLock tender.vim 6b0497a59233b3e67fb528a498069eb1d24743f9
NeoBundleLock vim-airline 96352f9b537c86507974e48e404380810bd35a36
NeoBundleLock vim-bundler 97d50771e4c882242f6af0505f8b84ddff6f0684
NeoBundleLock vim-colors-solarized 528a59f26d12278698bb946f8fb82a63711eec21
NeoBundleLock vim-commentary 988203c955805208403ea1c0b31e9531c80f2bb1
NeoBundleLock vim-endwise d5655263af8b3611a2bcb907a9963831a88d154b
NeoBundleLock vim-fugitive 8f60d1d459362771cb68c0097565efdf52e62ec3
NeoBundleLock vim-gitgutter dc73a81bfe59a9de090b89a1312ded3c6f6a6f89
NeoBundleLock vim-polyglot 8eab5f5403afc1c33a7593459a27f7ff625fa60b
NeoBundleLock vim-rails 7206033fc2d7d53a531502ecd5a044ecdacc0354
NeoBundleLock vim-surround e49d6c2459e0f5569ff2d533b4df995dd7f98313
NeoBundleLock vim-tmux-navigator d724094e7128acd7375cc758008f1e1688130877
NeoBundleLock vimproc 03a38f283ca9e15784e8fea84e8afc5d633b9639
NeoBundleLock vimshell d0c5bef010237855b4de25863bc54895effe5d7a
NeoBundleLock winresizer 530e5b42ca27be4afecfca51a71efc5bd4315954
