NeoBundleLock auto-pairs f0019fc6423e7ce7bbd01d196a7e027077687fda
NeoBundleLock ctrlp.vim 564176f01d7f3f7f8ab452ff4e1f5314de7b0981
NeoBundleLock deoplete-go aef73fdf275053a6fb00c3f66d1f18821bc74bd3
NeoBundleLock deoplete-jedi 56528fd1238bbf2f9363f16710d0936703dc9eab
NeoBundleLock deoplete.nvim a61b4597f23a36898565994c79b958849472157f
NeoBundleLock emmet-vim 9c6d7836362ab10ce669bd343d4585e5a500e05c
NeoBundleLock indentLine a97b6d12ae06c2db524e2ceba976f1d4f4637cb7
NeoBundleLock neobundle.vim c6fa48cd665071b7a4dbf5ab53f48cd5884716ee
NeoBundleLock nerdcommenter 285902752f7ab2052ac700a6d29b263dd5788afb
NeoBundleLock nerdtree 8cd17c1a478d8302e4782a95963abe46fc22c538
NeoBundleLock powerline c3261d4e57905420a5a18da5abeafbb327cca256
NeoBundleLock rspec.vim 36c9dbc8b923fa2c3b37fbe148e65b097cbd8097
NeoBundleLock syntastic 5e1b26c1724448c9d870b08dc93ce71528489333
NeoBundleLock tender.vim 6b0497a59233b3e67fb528a498069eb1d24743f9
NeoBundleLock ultisnips 423f264e753cec260b4f14455126e6db7ba429af
NeoBundleLock vim-addon-mw-utils 0c5612fa31ee434ba055e21c76f456244b3b5109
NeoBundleLock vim-airline 96352f9b537c86507974e48e404380810bd35a36
NeoBundleLock vim-autoformat f68c2cc9b61728e4019bc2ce9a481c91b5d2de79
NeoBundleLock vim-bundler 97d50771e4c882242f6af0505f8b84ddff6f0684
NeoBundleLock vim-codeschool ef566c9966dacd9a93e444180c27d1abcba60147
NeoBundleLock vim-colors-solarized 528a59f26d12278698bb946f8fb82a63711eec21
NeoBundleLock vim-commentary 988203c955805208403ea1c0b31e9531c80f2bb1
NeoBundleLock vim-devicons 153266275acc4f4615407a18e90f58780ebaef92
NeoBundleLock vim-endwise d5655263af8b3611a2bcb907a9963831a88d154b
NeoBundleLock vim-es6 c0ca7bcef2cf0095a598ce1f556eb9fbd2b1d4b4
NeoBundleLock vim-fugitive 8f60d1d459362771cb68c0097565efdf52e62ec3
NeoBundleLock vim-gitgutter dc73a81bfe59a9de090b89a1312ded3c6f6a6f89
NeoBundleLock vim-jsx-improve 66269488e5297dc6927c5c723cd56e393b931027
NeoBundleLock vim-polyglot 8eab5f5403afc1c33a7593459a27f7ff625fa60b
NeoBundleLock vim-rails 7206033fc2d7d53a531502ecd5a044ecdacc0354
NeoBundleLock vim-react-snippets 53e803d31f7310a33501625f71940e9570363c07
NeoBundleLock vim-snipmate a9802f2351910f64b70fb10b63651e6ff6b8125e
NeoBundleLock vim-snippets 0d3ab1410fad2e1962d2c79166c80fbc24ca5a92
NeoBundleLock vim-surround e49d6c2459e0f5569ff2d533b4df995dd7f98313
NeoBundleLock vim-tmux-navigator d724094e7128acd7375cc758008f1e1688130877
NeoBundleLock vimproc 03a38f283ca9e15784e8fea84e8afc5d633b9639
NeoBundleLock vimproc.vim 03a38f283ca9e15784e8fea84e8afc5d633b9639
NeoBundleLock vimshell d0c5bef010237855b4de25863bc54895effe5d7a
NeoBundleLock winresizer 530e5b42ca27be4afecfca51a71efc5bd4315954
